// !$*UTF8*$!
{
	archiveVersion = 1;
	classes = {
	};
	objectVersion = 46;
	objects = {

/* Begin PBXBuildFile section */
		F73961CE1EB4D9EB009AD8C6 /* AppDelegate.swift in Sources */ = {isa = PBXBuildFile; fileRef = F73961CD1EB4D9EB009AD8C6 /* AppDelegate.swift */; };
		F73961D01EB4D9EB009AD8C6 /* FeedController.swift in Sources */ = {isa = PBXBuildFile; fileRef = F73961CF1EB4D9EB009AD8C6 /* FeedController.swift */; };
		F73961D51EB4D9EB009AD8C6 /* Assets.xcassets in Resources */ = {isa = PBXBuildFile; fileRef = F73961D41EB4D9EB009AD8C6 /* Assets.xcassets */; };
		F73961D81EB4D9EB009AD8C6 /* LaunchScreen.storyboard in Resources */ = {isa = PBXBuildFile; fileRef = F73961D61EB4D9EB009AD8C6 /* LaunchScreen.storyboard */; };
		F73961E01EB4E8AD009AD8C6 /* FeedCell.swift in Sources */ = {isa = PBXBuildFile; fileRef = F73961DF1EB4E8AD009AD8C6 /* FeedCell.swift */; };
		F7A803BA1EB82A9B003F0062 /* Post.swift in Sources */ = {isa = PBXBuildFile; fileRef = F7A803B91EB82A9B003F0062 /* Post.swift */; };
		F7A803BC1EB96872003F0062 /* Location.swift in Sources */ = {isa = PBXBuildFile; fileRef = F7A803BB1EB96872003F0062 /* Location.swift */; };
/* End PBXBuildFile section */

/* Begin PBXFileReference section */
		F73961CA1EB4D9EB009AD8C6 /* Facebook_News_Feed.app */ = {isa = PBXFileReference; explicitFileType = wrapper.application; includeInIndex = 0; path = Facebook_News_Feed.app; sourceTree = BUILT_PRODUCTS_DIR; };
		F73961CD1EB4D9EB009AD8C6 /* AppDelegate.swift */ = {isa = PBXFileReference; lastKnownFileType = sourcecode.swift; path = AppDelegate.swift; sourceTree = "<group>"; };
		F73961CF1EB4D9EB009AD8C6 /* FeedController.swift */ = {isa = PBXFileReference; lastKnownFileType = sourcecode.swift; path = FeedController.swift; sourceTree = "<group>"; };
		F73961D41EB4D9EB009AD8C6 /* Assets.xcassets */ = {isa = PBXFileReference; lastKnownFileType = folder.assetcatalog; path = Assets.xcassets; sourceTree = "<group>"; };
		F73961D71EB4D9EB009AD8C6 /* Base */ = {isa = PBXFileReference; lastKnownFileType = file.storyboard; name = Base; path = Base.lproj/LaunchScreen.storyboard; sourceTree = "<group>"; };
		F73961D91EB4D9EB009AD8C6 /* Info.plist */ = {isa = PBXFileReference; lastKnownFileType = text.plist.xml; path = Info.plist; sourceTree = "<group>"; };
		F73961DF1EB4E8AD009AD8C6 /* FeedCell.swift */ = {isa = PBXFileReference; fileEncoding = 4; lastKnownFileType = sourcecode.swift; path = FeedCell.swift; sourceTree = "<group>"; };
		F7A803B91EB82A9B003F0062 /* Post.swift */ = {isa = PBXFileReference; fileEncoding = 4; lastKnownFileType = sourcecode.swift; path = Post.swift; sourceTree = "<group>"; };
		F7A803BB1EB96872003F0062 /* Location.swift */ = {isa = PBXFileReference; fileEncoding = 4; lastKnownFileType = sourcecode.swift; path = Location.swift; sourceTree = "<group>"; };
/* End PBXFileReference section */

/* Begin PBXFrameworksBuildPhase section */
		F73961C71EB4D9EB009AD8C6 /* Frameworks */ = {
			isa = PBXFrameworksBuildPhase;
			buildActionMask = 2147483647;
			files = (
			);
			runOnlyForDeploymentPostprocessing = 0;
		};
/* End PBXFrameworksBuildPhase section */

/* Begin PBXGroup section */
		F73961C11EB4D9EB009AD8C6 = {
			isa = PBXGroup;
			children = (
				F73961CC1EB4D9EB009AD8C6 /* Facebook_News_Feed */,
				F73961CB1EB4D9EB009AD8C6 /* Products */,
			);
			sourceTree = "<group>";
		};
		F73961CB1EB4D9EB009AD8C6 /* Products */ = {
			isa = PBXGroup;
			children = (
				F73961CA1EB4D9EB009AD8C6 /* Facebook_News_Feed.app */,
			);
			name = Products;
			sourceTree = "<group>";
		};
		F73961CC1EB4D9EB009AD8C6 /* Facebook_News_Feed */ = {
			isa = PBXGroup;
			children = (
				F73961CD1EB4D9EB009AD8C6 /* AppDelegate.swift */,
				F73961CF1EB4D9EB009AD8C6 /* FeedController.swift */,
				F73961DF1EB4E8AD009AD8C6 /* FeedCell.swift */,
				F7A803B91EB82A9B003F0062 /* Post.swift */,
				F73961D41EB4D9EB009AD8C6 /* Assets.xcassets */,
				F73961D61EB4D9EB009AD8C6 /* LaunchScreen.storyboard */,
				F73961D91EB4D9EB009AD8C6 /* Info.plist */,
				F7A803BB1EB96872003F0062 /* Location.swift */,
			);
			path = Facebook_News_Feed;
			sourceTree = "<group>";
		};
/* End PBXGroup section */

/* Begin PBXNativeTarget section */
		F73961C91EB4D9EB009AD8C6 /* Facebook_News_Feed */ = {
			isa = PBXNativeTarget;
			buildConfigurationList = F73961DC1EB4D9EB009AD8C6 /* Build configuration list for PBXNativeTarget "Facebook_News_Feed" */;
			buildPhases = (
				F73961C61EB4D9EB009AD8C6 /* Sources */,
				F73961C71EB4D9EB009AD8C6 /* Frameworks */,
				F73961C81EB4D9EB009AD8C6 /* Resources */,
			);
			buildRules = (
			);
			dependencies = (
			);
			name = Facebook_News_Feed;
			productName = Facebook_News_Feed;
			productReference = F73961CA1EB4D9EB009AD8C6 /* Facebook_News_Feed.app */;
			productType = "com.apple.product-type.application";
		};
/* End PBXNativeTarget section */

/* Begin PBXProject section */
		F73961C21EB4D9EB009AD8C6 /* Project object */ = {
			isa = PBXProject;
			attributes = {
				LastSwiftUpdateCheck = 0830;
				LastUpgradeCheck = 0830;
				ORGANIZATIONNAME = "Xiaoheng Pan";
				TargetAttributes = {
					F73961C91EB4D9EB009AD8C6 = {
						CreatedOnToolsVersion = 8.3.2;
						DevelopmentTeam = 45E7KT68K8;
						ProvisioningStyle = Automatic;
					};
				};
			};
			buildConfigurationList = F73961C51EB4D9EB009AD8C6 /* Build configuration list for PBXProject "Facebook_News_Feed" */;
			compatibilityVersion = "Xcode 3.2";
			developmentRegion = English;
			hasScannedForEncodings = 0;
			knownRegions = (
				en,
				Base,
			);
			mainGroup = F73961C11EB4D9EB009AD8C6;
			productRefGroup = F73961CB1EB4D9EB009AD8C6 /* Products */;
			projectDirPath = "";
			projectRoot = "";
			targets = (
				F73961C91EB4D9EB009AD8C6 /* Facebook_News_Feed */,
			);
		};
/* End PBXProject section */

/* Begin PBXResourcesBuildPhase section */
		F73961C81EB4D9EB009AD8C6 /* Resources */ = {
			isa = PBXResourcesBuildPhase;
			buildActionMask = 2147483647;
			files = (
				F73961D81EB4D9EB009AD8C6 /* LaunchScreen.storyboard in Resources */,
				F73961D51EB4D9EB009AD8C6 /* Assets.xcassets in Resources */,
			);
			runOnlyForDeploymentPostprocessing = 0;
		};
/* End PBXResourcesBuildPhase section */

/* Begin PBXSourcesBuildPhase section */
		F73961C61EB4D9EB009AD8C6 /* Sources */ = {
			isa = PBXSourcesBuildPhase;
			buildActionMask = 2147483647;
			files = (
				F73961D01EB4D9EB009AD8C6 /* FeedController.swift in Sources */,
				F73961CE1EB4D9EB009AD8C6 /* AppDelegate.swift in Sources */,
				F7A803BC1EB96872003F0062 /* Location.swift in Sources */,
				F73961E01EB4E8AD009AD8C6 /* FeedCell.swift in Sources */,
				F7A803BA1EB82A9B003F0062 /* Post.swift in Sources */,
			);
			runOnlyForDeploymentPostprocessing = 0;
		};
/* End PBXSourcesBuildPhase section */

/* Begin PBXVariantGroup section */
		F73961D61EB4D9EB009AD8C6 /* LaunchScreen.storyboard */ = {
			isa = PBXVariantGroup;
			children = (
				F73961D71EB4D9EB009AD8C6 /* Base */,
			);
			name = LaunchScreen.storyboard;
			sourceTree = "<group>";
		};
/* End PBXVariantGroup section */

/* Begin XCBuildConfiguration section */
		F73961DA1EB4D9EB009AD8C6 /* Debug */ = {
			isa = XCBuildConfiguration;
			buildSettings = {
				ALWAYS_SEARCH_USER_PATHS = NO;
				CLANG_ANALYZER_NONNULL = YES;
				CLANG_ANALYZER_NUMBER_OBJECT_CONVERSION = YES_AGGRESSIVE;
				CLANG_CXX_LANGUAGE_STANDARD = "gnu++0x";
				CLANG_CXX_LIBRARY = "libc++";
				CLANG_ENABLE_MODULES = YES;
				CLANG_ENABLE_OBJC_ARC = YES;
				CLANG_WARN_BOOL_CONVERSION = YES;
				CLANG_WARN_CONSTANT_CONVERSION = YES;
				CLANG_WARN_DIRECT_OBJC_ISA_USAGE = YES_ERROR;
				CLANG_WARN_DOCUMENTATION_COMMENTS = YES;
				CLANG_WARN_EMPTY_BODY = YES;
				CLANG_WARN_ENUM_CONVERSION = YES;
				CLANG_WARN_INFINITE_RECURSION = YES;
				CLANG_WARN_INT_CONVERSION = YES;
				CLANG_WARN_OBJC_ROOT_CLASS = YES_ERROR;
				CLANG_WARN_SUSPICIOUS_MOVE = YES;
				CLANG_WARN_UNREACHABLE_CODE = YES;
				CLANG_WARN__DUPLICATE_METHOD_MATCH = YES;
				"CODE_SIGN_IDENTITY[sdk=iphoneos*]" = "iPhone Developer";
				COPY_PHASE_STRIP = NO;
				DEBUG_INFORMATION_FORMAT = dwarf;
				ENABLE_STRICT_OBJC_MSGSEND = YES;
				ENABLE_TESTABILITY = YES;
				GCC_C_LANGUAGE_STANDARD = gnu99;
				GCC_DYNAMIC_NO_PIC = NO;
				GCC_NO_COMMON_BLOCKS = YES;
				GCC_OPTIMIZATION_LEVEL = 0;
				GCC_PREPROCESSOR_DEFINITIONS = (
					"DEBUG=1",
					"$(inherited)",
				);
				GCC_WARN_64_TO_32_BIT_CONVERSION = YES;
				GCC_WARN_ABOUT_RETURN_TYPE = YES_ERROR;
				GCC_WARN_UNDECLARED_SELECTOR = YES;
				GCC_WARN_UNINITIALIZED_AUTOS = YES_AGGRESSIVE;
				GCC_WARN_UNUSED_FUNCTION = YES;
				GCC_WARN_UNUSED_VARIABLE = YES;
				IPHONEOS_DEPLOYMENT_TARGET = 10.3;
				MTL_ENABLE_DEBUG_INFO = YES;
				ONLY_ACTIVE_ARCH = YES;
				SDKROOT = iphoneos;
				SWIFT_ACTIVE_COMPILATION_CONDITIONS = DEBUG;
				SWIFT_OPTIMIZATION_LEVEL = "-Onone";
			};
			name = Debug;
		};
		F73961DB1EB4D9EB009AD8C6 /* Release */ = {
			isa = XCBuildConfiguration;
			buildSettings = {
				ALWAYS_SEARCH_USER_PATHS = NO;
				CLANG_ANALYZER_NONNULL = YES;
				CLANG_ANALYZER_NUMBER_OBJECT_CONVERSION = YES_AGGRESSIVE;
				CLANG_CXX_LANGUAGE_STANDARD = "gnu++0x";
				CLANG_CXX_LIBRARY = "libc++";
				CLANG_ENABLE_MODULES = YES;
				CLANG_ENABLE_OBJC_ARC = YES;
				CLANG_WARN_BOOL_CONVERSION = YES;
				CLANG_WARN_CONSTANT_CONVERSION = YES;
				CLANG_WARN_DIRECT_OBJC_ISA_USAGE = YES_ERROR;
				CLANG_WARN_DOCUMENTATION_COMMENTS = YES;
				CLANG_WARN_EMPTY_BODY = YES;
				CLANG_WARN_ENUM_CONVERSION = YES;
				CLANG_WARN_INFINITE_RECURSION = YES;
				CLANG_WARN_INT_CONVERSION = YES;
				CLANG_WARN_OBJC_ROOT_CLASS = YES_ERROR;
				CLANG_WARN_SUSPICIOUS_MOVE = YES;
				CLANG_WARN_UNREACHABLE_CODE = YES;
				CLANG_WARN__DUPLICATE_METHOD_MATCH = YES;
				"CODE_SIGN_IDENTITY[sdk=iphoneos*]" = "iPhone Developer";
				COPY_PHASE_STRIP = NO;
				DEBUG_INFORMATION_FORMAT = "dwarf-with-dsym";
				ENABLE_NS_ASSERTIONS = NO;
				ENABLE_STRICT_OBJC_MSGSEND = YES;
				GCC_C_LANGUAGE_STANDARD = gnu99;
				GCC_NO_COMMON_BLOCKS = YES;
				GCC_WARN_64_TO_32_BIT_CONVERSION = YES;
				GCC_WARN_ABOUT_RETURN_TYPE = YES_ERROR;
				GCC_WARN_UNDECLARED_SELECTOR = YES;
				GCC_WARN_UNINITIALIZED_AUTOS = YES_AGGRESSIVE;
				GCC_WARN_UNUSED_FUNCTION = YES;
				GCC_WARN_UNUSED_VARIABLE = YES;
				IPHONEOS_DEPLOYMENT_TARGET = 10.3;
				MTL_ENABLE_DEBUG_INFO = NO;
				SDKROOT = iphoneos;
				SWIFT_OPTIMIZATION_LEVEL = "-Owholemodule";
				VALIDATE_PRODUCT = YES;
			};
			name = Release;
		};
		F73961DD1EB4D9EB009AD8C6 /* Debug */ = {
			isa = XCBuildConfiguration;
			buildSettings = {
				ASSETCATALOG_COMPILER_APPICON_NAME = AppIcon;
				DEVELOPMENT_TEAM = 45E7KT68K8;
				INFOPLIST_FILE = Facebook_News_Feed/Info.plist;
				LD_RUNPATH_SEARCH_PATHS = "$(inherited) @executable_path/Frameworks";
				PRODUCT_BUNDLE_IDENTIFIER = "domainxh.Facebook-News-Feed";
				PRODUCT_NAME = "$(TARGET_NAME)";
				SWIFT_VERSION = 3.0;
			};
			name = Debug;
		};
		F73961DE1EB4D9EB009AD8C6 /* Release */ = {
			isa = XCBuildConfiguration;
			buildSettings = {
				ASSETCATALOG_COMPILER_APPICON_NAME = AppIcon;
				DEVELOPMENT_TEAM = 45E7KT68K8;
				INFOPLIST_FILE = Facebook_News_Feed/Info.plist;
				LD_RUNPATH_SEARCH_PATHS = "$(inherited) @executable_path/Frameworks";
				PRODUCT_BUNDLE_IDENTIFIER = "domainxh.Facebook-News-Feed";
				PRODUCT_NAME = "$(TARGET_NAME)";
				SWIFT_VERSION = 3.0;
			};
			name = Release;
		};
/* End XCBuildConfiguration section */

/* Begin XCConfigurationList section */
		F73961C51EB4D9EB009AD8C6 /* Build configuration list for PBXProject "Facebook_News_Feed" */ = {
			isa = XCConfigurationList;
			buildConfigurations = (
				F73961DA1EB4D9EB009AD8C6 /* Debug */,
				F73961DB1EB4D9EB009AD8C6 /* Release */,
			);
			defaultConfigurationIsVisible = 0;
			defaultConfigurationName = Release;
		};
		F73961DC1EB4D9EB009AD8C6 /* Build configuration list for PBXNativeTarget "Facebook_News_Feed" */ = {
			isa = XCConfigurationList;
			buildConfigurations = (
				F73961DD1EB4D9EB009AD8C6 /* Debug */,
				F73961DE1EB4D9EB009AD8C6 /* Release */,
			);
			defaultConfigurationIsVisible = 0;
			defaultConfigurationName = Release;
		};
/* End XCConfigurationList section */
	};
	rootObject = F73961C21EB4D9EB009AD8C6 /* Project object */;
}
